// !$*UTF8*$!
{
	archiveVersion = 1;
	classes = {
	};
	objectVersion = 46;
	objects = {

/* Begin PBXBuildFile section */
		3014432618D82EC600DDC64A /* dataList.sqlite in Resources */ = {isa = PBXBuildFile; fileRef = 3014431918D82EC600DDC64A /* dataList.sqlite */; };
		3014432718D82EC600DDC64A /* left_about.png in Resources */ = {isa = PBXBuildFile; fileRef = 3014431B18D82EC600DDC64A /* left_about.png */; };
		3014432818D82EC600DDC64A /* left_all.png in Resources */ = {isa = PBXBuildFile; fileRef = 3014431C18D82EC600DDC64A /* left_all.png */; };
		3014432918D82EC600DDC64A /* left_first.png in Resources */ = {isa = PBXBuildFile; fileRef = 3014431D18D82EC600DDC64A /* left_first.png */; };
		3014432A18D82EC600DDC64A /* left_four.png in Resources */ = {isa = PBXBuildFile; fileRef = 3014431E18D82EC600DDC64A /* left_four.png */; };
		3014432C18D82EC600DDC64A /* left_otherVoice.png in Resources */ = {isa = PBXBuildFile; fileRef = 3014432018D82EC600DDC64A /* left_otherVoice.png */; };
		3014432D18D82EC600DDC64A /* left_recommend.png in Resources */ = {isa = PBXBuildFile; fileRef = 3014432118D82EC600DDC64A /* left_recommend.png */; };
		3014432E18D82EC600DDC64A /* left_second.png in Resources */ = {isa = PBXBuildFile; fileRef = 3014432218D82EC600DDC64A /* left_second.png */; };
		3014432F18D82EC600DDC64A /* left_setting.png in Resources */ = {isa = PBXBuildFile; fileRef = 3014432318D82EC600DDC64A /* left_setting.png */; };
		3014433018D82EC600DDC64A /* left_sina.png in Resources */ = {isa = PBXBuildFile; fileRef = 3014432418D82EC600DDC64A /* left_sina.png */; };
		3014433118D82EC600DDC64A /* left_third.png in Resources */ = {isa = PBXBuildFile; fileRef = 3014432518D82EC600DDC64A /* left_third.png */; };
		3014434918D82F6400DDC64A /* ASIAuthenticationDialog.m in Sources */ = {isa = PBXBuildFile; fileRef = 3014433418D82F6400DDC64A /* ASIAuthenticationDialog.m */; settings = {COMPILER_FLAGS = "-fno-objc-arc"; }; };
		3014434A18D82F6400DDC64A /* ASIDataCompressor.m in Sources */ = {isa = PBXBuildFile; fileRef = 3014433718D82F6400DDC64A /* ASIDataCompressor.m */; settings = {COMPILER_FLAGS = "-fno-objc-arc"; }; };
		3014434B18D82F6400DDC64A /* ASIDataDecompressor.m in Sources */ = {isa = PBXBuildFile; fileRef = 3014433918D82F6400DDC64A /* ASIDataDecompressor.m */; settings = {COMPILER_FLAGS = "-fno-objc-arc"; }; };
		3014434C18D82F6400DDC64A /* ASIDownloadCache.m in Sources */ = {isa = PBXBuildFile; fileRef = 3014433B18D82F6400DDC64A /* ASIDownloadCache.m */; settings = {COMPILER_FLAGS = "-fno-objc-arc"; }; };
		3014434D18D82F6400DDC64A /* ASIFormDataRequest.m in Sources */ = {isa = PBXBuildFile; fileRef = 3014433D18D82F6400DDC64A /* ASIFormDataRequest.m */; settings = {COMPILER_FLAGS = "-fno-objc-arc"; }; };
		3014434E18D82F6400DDC64A /* ASIHTTPRequest.m in Sources */ = {isa = PBXBuildFile; fileRef = 3014433F18D82F6400DDC64A /* ASIHTTPRequest.m */; settings = {COMPILER_FLAGS = "-fno-objc-arc"; }; };
		3014434F18D82F6400DDC64A /* ASIInputStream.m in Sources */ = {isa = PBXBuildFile; fileRef = 3014434318D82F6400DDC64A /* ASIInputStream.m */; settings = {COMPILER_FLAGS = "-fno-objc-arc"; }; };
		3014435018D82F6400DDC64A /* ASINetworkQueue.m in Sources */ = {isa = PBXBuildFile; fileRef = 3014434518D82F6400DDC64A /* ASINetworkQueue.m */; settings = {COMPILER_FLAGS = "-fno-objc-arc"; }; };
		3014435118D82F6400DDC64A /* Reachability.m in Sources */ = {isa = PBXBuildFile; fileRef = 3014434818D82F6400DDC64A /* Reachability.m */; settings = {COMPILER_FLAGS = "-fno-objc-arc"; }; };
		3014435318D8304000DDC64A /* SystemConfiguration.framework in Frameworks */ = {isa = PBXBuildFile; fileRef = 3014435218D8304000DDC64A /* SystemConfiguration.framework */; };
		3014435518D8304700DDC64A /* Security.framework in Frameworks */ = {isa = PBXBuildFile; fileRef = 3014435418D8304700DDC64A /* Security.framework */; };
		3014435B18D8307A00DDC64A /* libz.dylib in Frameworks */ = {isa = PBXBuildFile; fileRef = 3014435A18D8307A00DDC64A /* libz.dylib */; };
		3014435C18D830A000DDC64A /* libxml2.dylib in Frameworks */ = {isa = PBXBuildFile; fileRef = 3014435618D8305200DDC64A /* libxml2.dylib */; };
		3014435E18D830A900DDC64A /* ImageIO.framework in Frameworks */ = {isa = PBXBuildFile; fileRef = 3014435D18D830A900DDC64A /* ImageIO.framework */; };
		3014436018D830B200DDC64A /* MobileCoreServices.framework in Frameworks */ = {isa = PBXBuildFile; fileRef = 3014435F18D830B200DDC64A /* MobileCoreServices.framework */; };
		3014436218D830CA00DDC64A /* MapKit.framework in Frameworks */ = {isa = PBXBuildFile; fileRef = 3014436118D830CA00DDC64A /* MapKit.framework */; };
		3014436518D834ED00DDC64A /* TableFootView.m in Sources */ = {isa = PBXBuildFile; fileRef = 3014436418D834ED00DDC64A /* TableFootView.m */; };
		3014436818D8398D00DDC64A /* LYUtils.m in Sources */ = {isa = PBXBuildFile; fileRef = 3014436718D8398D00DDC64A /* LYUtils.m */; };
		3014436A18D83C5C00DDC64A /* AssetsLibrary.framework in Frameworks */ = {isa = PBXBuildFile; fileRef = 3014436918D83C5B00DDC64A /* AssetsLibrary.framework */; };
		3014436D18D842D100DDC64A /* LYUserDefaults.m in Sources */ = {isa = PBXBuildFile; fileRef = 3014436C18D842D100DDC64A /* LYUserDefaults.m */; };
		3014437418D8487000DDC64A /* MBProgressHUD.m in Sources */ = {isa = PBXBuildFile; fileRef = 3014437318D8487000DDC64A /* MBProgressHUD.m */; };
		3014437718D848E600DDC64A /* NetWorkRequest.m in Sources */ = {isa = PBXBuildFile; fileRef = 3014437618D848E600DDC64A /* NetWorkRequest.m */; };
		304A584B19ECF5DB0013EB59 /* left_luoyonghao.png in Resources */ = {isa = PBXBuildFile; fileRef = 304A584A19ECF5DB0013EB59 /* left_luoyonghao.png */; };
		304A585119ED0A560013EB59 /* AVFoundation.framework in Frameworks */ = {isa = PBXBuildFile; fileRef = 304A585019ED0A560013EB59 /* AVFoundation.framework */; };
		3061C31E18D2D2C000D5D023 /* LYDataManager.m in Sources */ = {isa = PBXBuildFile; fileRef = 3061C31D18D2D2C000D5D023 /* LYDataManager.m */; };
		3061C32518D2D5C900D5D023 /* MenuModel.m in Sources */ = {isa = PBXBuildFile; fileRef = 3061C32418D2D5C900D5D023 /* MenuModel.m */; };
		3061C32818D2D5FC00D5D023 /* VoiceModel.m in Sources */ = {isa = PBXBuildFile; fileRef = 3061C32718D2D5FC00D5D023 /* VoiceModel.m */; };
		3067E5F518E3EAA9005932F9 /* CenterVoiceCell.m in Sources */ = {isa = PBXBuildFile; fileRef = 3067E5F418E3EAA9005932F9 /* CenterVoiceCell.m */; };
		306B6C6B19E4ED4F000300DC /* SettingViewController.m in Sources */ = {isa = PBXBuildFile; fileRef = 306B6C6A19E4ED4F000300DC /* SettingViewController.m */; };
		30A179BD18ED5A8A00A42A81 /* player_stylus_lp_bg.png in Resources */ = {isa = PBXBuildFile; fileRef = 30A179BA18ED5A8A00A42A81 /* player_stylus_lp_bg.png */; };
		30A179BE18ED5A8A00A42A81 /* player_stylus_lp_top.png in Resources */ = {isa = PBXBuildFile; fileRef = 30A179BB18ED5A8A00A42A81 /* player_stylus_lp_top.png */; };
		30A179BF18ED5A8A00A42A81 /* player_stylus_lp.png in Resources */ = {isa = PBXBuildFile; fileRef = 30A179BC18ED5A8A00A42A81 /* player_stylus_lp.png */; };
		30AF43CB19D8F373004CA2F6 /* icon@2x.png in Resources */ = {isa = PBXBuildFile; fileRef = 30AF43CA19D8F373004CA2F6 /* icon@2x.png */; };
		30AF43CE19D93630004CA2F6 /* center_leftButton.png in Resources */ = {isa = PBXBuildFile; fileRef = 30AF43CC19D93630004CA2F6 /* center_leftButton.png */; };
		30AF43CF19D93630004CA2F6 /* center_leftButton@2x.png in Resources */ = {isa = PBXBuildFile; fileRef = 30AF43CD19D93630004CA2F6 /* center_leftButton@2x.png */; };
		30CEB9C519EBDC730095366C /* left_five.png in Resources */ = {isa = PBXBuildFile; fileRef = 30CEB9C419EBDC730095366C /* left_five.png */; };
		30D4F4D219EE48F3009FDEB5 /* center_currentPlay.png in Resources */ = {isa = PBXBuildFile; fileRef = 30D4F4D019EE48F3009FDEB5 /* center_currentPlay.png */; };
		30D4F4D319EE48F3009FDEB5 /* center_currentPlay@2x.png in Resources */ = {isa = PBXBuildFile; fileRef = 30D4F4D119EE48F3009FDEB5 /* center_currentPlay@2x.png */; };
		30D94A2719DA80B300D6E7C9 /* center_collection_s.png in Resources */ = {isa = PBXBuildFile; fileRef = 30D94A2519DA80B300D6E7C9 /* center_collection_s.png */; };
		30D94A2819DA80B300D6E7C9 /* center_collection_n.png in Resources */ = {isa = PBXBuildFile; fileRef = 30D94A2619DA80B300D6E7C9 /* center_collection_n.png */; };
		30D94A2B19DA900000D6E7C9 /* center_collection_n@2x.png in Resources */ = {isa = PBXBuildFile; fileRef = 30D94A2919DA900000D6E7C9 /* center_collection_n@2x.png */; };
		30D94A2C19DA900000D6E7C9 /* center_collection_s@2x.png in Resources */ = {isa = PBXBuildFile; fileRef = 30D94A2A19DA900000D6E7C9 /* center_collection_s@2x.png */; };
		30F0CD8719E6823A0056A8DB /* AboutViewController.m in Sources */ = {isa = PBXBuildFile; fileRef = 30F0CD8619E6823A0056A8DB /* AboutViewController.m */; };
		30F0CD8A19E682B40056A8DB /* RecommendViewController.m in Sources */ = {isa = PBXBuildFile; fileRef = 30F0CD8919E682B40056A8DB /* RecommendViewController.m */; };
		30F0CD8C19E693DF0056A8DB /* seperate_line.png in Resources */ = {isa = PBXBuildFile; fileRef = 30F0CD8B19E693DF0056A8DB /* seperate_line.png */; };
		70012B5918D1E1FD00CB53D0 /* TableHeadView.m in Sources */ = {isa = PBXBuildFile; fileRef = 70012B5818D1E1FD00CB53D0 /* TableHeadView.m */; };
		703A3EE018C9FEC2009179DE /* Foundation.framework in Frameworks */ = {isa = PBXBuildFile; fileRef = 703A3EDF18C9FEC2009179DE /* Foundation.framework */; };
		703A3EE218C9FEC2009179DE /* CoreGraphics.framework in Frameworks */ = {isa = PBXBuildFile; fileRef = 703A3EE118C9FEC2009179DE /* CoreGraphics.framework */; };
		703A3EE418C9FEC2009179DE /* UIKit.framework in Frameworks */ = {isa = PBXBuildFile; fileRef = 703A3EE318C9FEC2009179DE /* UIKit.framework */; };
		703A3EEA18C9FEC2009179DE /* InfoPlist.strings in Resources */ = {isa = PBXBuildFile; fileRef = 703A3EE818C9FEC2009179DE /* InfoPlist.strings */; };
		703A3EEC18C9FEC2009179DE /* main.m in Sources */ = {isa = PBXBuildFile; fileRef = 703A3EEB18C9FEC2009179DE /* main.m */; };
		703A3EF018C9FEC2009179DE /* LYAppDelegate.m in Sources */ = {isa = PBXBuildFile; fileRef = 703A3EEF18C9FEC2009179DE /* LYAppDelegate.m */; };
		703A3EF218C9FEC2009179DE /* Images.xcassets in Resources */ = {isa = PBXBuildFile; fileRef = 703A3EF118C9FEC2009179DE /* Images.xcassets */; };
		703A3EF918C9FEC2009179DE /* XCTest.framework in Frameworks */ = {isa = PBXBuildFile; fileRef = 703A3EF818C9FEC2009179DE /* XCTest.framework */; };
		703A3EFA18C9FEC2009179DE /* Foundation.framework in Frameworks */ = {isa = PBXBuildFile; fileRef = 703A3EDF18C9FEC2009179DE /* Foundation.framework */; };
		703A3EFB18C9FEC2009179DE /* UIKit.framework in Frameworks */ = {isa = PBXBuildFile; fileRef = 703A3EE318C9FEC2009179DE /* UIKit.framework */; };
		703A3F0318C9FEC2009179DE /* InfoPlist.strings in Resources */ = {isa = PBXBuildFile; fileRef = 703A3F0118C9FEC2009179DE /* InfoPlist.strings */; };
		703A3F0518C9FEC2009179DE /* LaoLuoYuLuTests.m in Sources */ = {isa = PBXBuildFile; fileRef = 703A3F0418C9FEC2009179DE /* LaoLuoYuLuTests.m */; };
		703A3F1D18CA01F0009179DE /* MMDrawerBarButtonItem.m in Sources */ = {isa = PBXBuildFile; fileRef = 703A3F1318CA01EF009179DE /* MMDrawerBarButtonItem.m */; };
		703A3F1E18CA01F0009179DE /* MMDrawerController.m in Sources */ = {isa = PBXBuildFile; fileRef = 703A3F1618CA01F0009179DE /* MMDrawerController.m */; };
		703A3F1F18CA01F0009179DE /* MMDrawerVisualState.m in Sources */ = {isa = PBXBuildFile; fileRef = 703A3F1818CA01F0009179DE /* MMDrawerVisualState.m */; };
		703A3F2018CA01F0009179DE /* MMExampleDrawerVisualStateManager.m in Sources */ = {isa = PBXBuildFile; fileRef = 703A3F1A18CA01F0009179DE /* MMExampleDrawerVisualStateManager.m */; };
		703A3F2118CA01F0009179DE /* UIViewController+MMDrawerController.m in Sources */ = {isa = PBXBuildFile; fileRef = 703A3F1C18CA01F0009179DE /* UIViewController+MMDrawerController.m */; };
		703A3F2A18CA0464009179DE /* LeftMenuViewController.m in Sources */ = {isa = PBXBuildFile; fileRef = 703A3F2918CA0464009179DE /* LeftMenuViewController.m */; };
		703A3F2D18CA0515009179DE /* CenterViewController.m in Sources */ = {isa = PBXBuildFile; fileRef = 703A3F2C18CA0515009179DE /* CenterViewController.m */; };
		703A3F3418CA0E40009179DE /* LeftMenuCell.m in Sources */ = {isa = PBXBuildFile; fileRef = 703A3F3318CA0E40009179DE /* LeftMenuCell.m */; };
		703A3F4118CA114E009179DE /* FMDatabase.m in Sources */ = {isa = PBXBuildFile; fileRef = 703A3F3718CA114E009179DE /* FMDatabase.m */; };
		703A3F4218CA114E009179DE /* FMDatabaseAdditions.m in Sources */ = {isa = PBXBuildFile; fileRef = 703A3F3918CA114E009179DE /* FMDatabaseAdditions.m */; };
		703A3F4318CA114E009179DE /* FMDatabasePool.m in Sources */ = {isa = PBXBuildFile; fileRef = 703A3F3B18CA114E009179DE /* FMDatabasePool.m */; };
		703A3F4418CA114E009179DE /* FMDatabaseQueue.m in Sources */ = {isa = PBXBuildFile; fileRef = 703A3F3D18CA114E009179DE /* FMDatabaseQueue.m */; };
		703A3F4618CA114E009179DE /* FMResultSet.m in Sources */ = {isa = PBXBuildFile; fileRef = 703A3F4018CA114E009179DE /* FMResultSet.m */; };
		703A3F4818CA118C009179DE /* libsqlite3.0.dylib in Frameworks */ = {isa = PBXBuildFile; fileRef = 703A3F4718CA118C009179DE /* libsqlite3.0.dylib */; };
		705953F018E84F77002C77D9 /* player_cd.png in Resources */ = {isa = PBXBuildFile; fileRef = 705953EF18E84F77002C77D9 /* player_cd.png */; };
		705953F718E853DC002C77D9 /* player_next_h.png in Resources */ = {isa = PBXBuildFile; fileRef = 705953F118E853DC002C77D9 /* player_next_h.png */; };
		705953F818E853DC002C77D9 /* player_next.png in Resources */ = {isa = PBXBuildFile; fileRef = 705953F218E853DC002C77D9 /* player_next.png */; };
		705953F918E853DC002C77D9 /* player_pause_h.png in Resources */ = {isa = PBXBuildFile; fileRef = 705953F318E853DC002C77D9 /* player_pause_h.png */; };
		705953FA18E853DC002C77D9 /* player_pause.png in Resources */ = {isa = PBXBuildFile; fileRef = 705953F418E853DC002C77D9 /* player_pause.png */; };
		705953FB18E853DC002C77D9 /* player_play_h.png in Resources */ = {isa = PBXBuildFile; fileRef = 705953F518E853DC002C77D9 /* player_play_h.png */; };
		705953FC18E853DC002C77D9 /* player_play.png in Resources */ = {isa = PBXBuildFile; fileRef = 705953F618E853DC002C77D9 /* player_play.png */; };
		705953FF18E8541F002C77D9 /* player_prev_h.png in Resources */ = {isa = PBXBuildFile; fileRef = 705953FD18E8541F002C77D9 /* player_prev_h.png */; };
		7059540018E8541F002C77D9 /* player_prev.png in Resources */ = {isa = PBXBuildFile; fileRef = 705953FE18E8541F002C77D9 /* player_prev.png */; };
		7059540318E854EA002C77D9 /* CDView.m in Sources */ = {isa = PBXBuildFile; fileRef = 7059540218E854EA002C77D9 /* CDView.m */; };
		7059540618E854F9002C77D9 /* ControlView.m in Sources */ = {isa = PBXBuildFile; fileRef = 7059540518E854F9002C77D9 /* ControlView.m */; };
		7059540A18E86ACA002C77D9 /* icon_120.png in Resources */ = {isa = PBXBuildFile; fileRef = 7059540718E86ACA002C77D9 /* icon_120.png */; };
		7059540B18E86ACA002C77D9 /* icon.png in Resources */ = {isa = PBXBuildFile; fileRef = 7059540818E86ACA002C77D9 /* icon.png */; };
		705DEFA418E5BA5300C34FC6 /* WebControlView.m in Sources */ = {isa = PBXBuildFile; fileRef = 705DEFA118E5BA5300C34FC6 /* WebControlView.m */; };
		705DEFA518E5BA5300C34FC6 /* WeiBoViewController.m in Sources */ = {isa = PBXBuildFile; fileRef = 705DEFA318E5BA5300C34FC6 /* WeiBoViewController.m */; };
		705DEFA918E5BE3300C34FC6 /* PlayerViewController.m in Sources */ = {isa = PBXBuildFile; fileRef = 705DEFA818E5BE3300C34FC6 /* PlayerViewController.m */; };
		70BA644718D410490043C0D1 /* BaseViewController.m in Sources */ = {isa = PBXBuildFile; fileRef = 70BA644618D410490043C0D1 /* BaseViewController.m */; };
		70BA644B18D410880043C0D1 /* UINavigationController+Rotate.m in Sources */ = {isa = PBXBuildFile; fileRef = 70BA644A18D410880043C0D1 /* UINavigationController+Rotate.m */; };
/* End PBXBuildFile section */

/* Begin PBXContainerItemProxy section */
		703A3EFC18C9FEC2009179DE /* PBXContainerItemProxy */ = {
			isa = PBXContainerItemProxy;
			containerPortal = 703A3ED418C9FEC2009179DE /* Project object */;
			proxyType = 1;
			remoteGlobalIDString = 703A3EDB18C9FEC2009179DE;
			remoteInfo = LaoLuoYuLu;
		};
/* End PBXContainerItemProxy section */

/* Begin PBXFileReference section */
		3014431918D82EC600DDC64A /* dataList.sqlite */ = {isa = PBXFileReference; lastKnownFileType = file; path = dataList.sqlite; sourceTree = "<group>"; };
		3014431B18D82EC600DDC64A /* left_about.png */ = {isa = PBXFileReference; lastKnownFileType = image.png; path = left_about.png; sourceTree = "<group>"; };
		3014431C18D82EC600DDC64A /* left_all.png */ = {isa = PBXFileReference; lastKnownFileType = image.png; path = left_all.png; sourceTree = "<group>"; };
		3014431D18D82EC600DDC64A /* left_first.png */ = {isa = PBXFileReference; lastKnownFileType = image.png; path = left_first.png; sourceTree = "<group>"; };
		3014431E18D82EC600DDC64A /* left_four.png */ = {isa = PBXFileReference; lastKnownFileType = image.png; path = left_four.png; sourceTree = "<group>"; };
		3014432018D82EC600DDC64A /* left_otherVoice.png */ = {isa = PBXFileReference; lastKnownFileType = image.png; path = left_otherVoice.png; sourceTree = "<group>"; };
		3014432118D82EC600DDC64A /* left_recommend.png */ = {isa = PBXFileReference; lastKnownFileType = image.png; path = left_recommend.png; sourceTree = "<group>"; };
		3014432218D82EC600DDC64A /* left_second.png */ = {isa = PBXFileReference; lastKnownFileType = image.png; path = left_second.png; sourceTree = "<group>"; };
		3014432318D82EC600DDC64A /* left_setting.png */ = {isa = PBXFileReference; lastKnownFileType = image.png; path = left_setting.png; sourceTree = "<group>"; };
		3014432418D82EC600DDC64A /* left_sina.png */ = {isa = PBXFileReference; lastKnownFileType = image.png; path = left_sina.png; sourceTree = "<group>"; };
		3014432518D82EC600DDC64A /* left_third.png */ = {isa = PBXFileReference; lastKnownFileType = image.png; path = left_third.png; sourceTree = "<group>"; };
		3014433318D82F6400DDC64A /* ASIAuthenticationDialog.h */ = {isa = PBXFileReference; fileEncoding = 4; lastKnownFileType = sourcecode.c.h; path = ASIAuthenticationDialog.h; sourceTree = "<group>"; };
		3014433418D82F6400DDC64A /* ASIAuthenticationDialog.m */ = {isa = PBXFileReference; fileEncoding = 4; lastKnownFileType = sourcecode.c.objc; path = ASIAuthenticationDialog.m; sourceTree = "<group>"; };
		3014433518D82F6400DDC64A /* ASICacheDelegate.h */ = {isa = PBXFileReference; fileEncoding = 4; lastKnownFileType = sourcecode.c.h; path = ASICacheDelegate.h; sourceTree = "<group>"; };
		3014433618D82F6400DDC64A /* ASIDataCompressor.h */ = {isa = PBXFileReference; fileEncoding = 4; lastKnownFileType = sourcecode.c.h; path = ASIDataCompressor.h; sourceTree = "<group>"; };
		3014433718D82F6400DDC64A /* ASIDataCompressor.m */ = {isa = PBXFileReference; fileEncoding = 4; lastKnownFileType = sourcecode.c.objc; path = ASIDataCompressor.m; sourceTree = "<group>"; };
		3014433818D82F6400DDC64A /* ASIDataDecompressor.h */ = {isa = PBXFileReference; fileEncoding = 4; lastKnownFileType = sourcecode.c.h; path = ASIDataDecompressor.h; sourceTree = "<group>"; };
		3014433918D82F6400DDC64A /* ASIDataDecompressor.m */ = {isa = PBXFileReference; fileEncoding = 4; lastKnownFileType = sourcecode.c.objc; path = ASIDataDecompressor.m; sourceTree = "<group>"; };
		3014433A18D82F6400DDC64A /* ASIDownloadCache.h */ = {isa = PBXFileReference; fileEncoding = 4; lastKnownFileType = sourcecode.c.h; path = ASIDownloadCache.h; sourceTree = "<group>"; };
		3014433B18D82F6400DDC64A /* ASIDownloadCache.m */ = {isa = PBXFileReference; fileEncoding = 4; lastKnownFileType = sourcecode.c.objc; path = ASIDownloadCache.m; sourceTree = "<group>"; };
		3014433C18D82F6400DDC64A /* ASIFormDataRequest.h */ = {isa = PBXFileReference; fileEncoding = 4; lastKnownFileType = sourcecode.c.h; path = ASIFormDataRequest.h; sourceTree = "<group>"; };
		3014433D18D82F6400DDC64A /* ASIFormDataRequest.m */ = {isa = PBXFileReference; fileEncoding = 4; lastKnownFileType = sourcecode.c.objc; path = ASIFormDataRequest.m; sourceTree = "<group>"; };
		3014433E18D82F6400DDC64A /* ASIHTTPRequest.h */ = {isa = PBXFileReference; fileEncoding = 4; lastKnownFileType = sourcecode.c.h; path = ASIHTTPRequest.h; sourceTree = "<group>"; };
		3014433F18D82F6400DDC64A /* ASIHTTPRequest.m */ = {isa = PBXFileReference; fileEncoding = 4; lastKnownFileType = sourcecode.c.objc; path = ASIHTTPRequest.m; sourceTree = "<group>"; };
		3014434018D82F6400DDC64A /* ASIHTTPRequestConfig.h */ = {isa = PBXFileReference; fileEncoding = 4; lastKnownFileType = sourcecode.c.h; path = ASIHTTPRequestConfig.h; sourceTree = "<group>"; };
		3014434118D82F6400DDC64A /* ASIHTTPRequestDelegate.h */ = {isa = PBXFileReference; fileEncoding = 4; lastKnownFileType = sourcecode.c.h; path = ASIHTTPRequestDelegate.h; sourceTree = "<group>"; };
		3014434218D82F6400DDC64A /* ASIInputStream.h */ = {isa = PBXFileReference; fileEncoding = 4; lastKnownFileType = sourcecode.c.h; path = ASIInputStream.h; sourceTree = "<group>"; };
		3014434318D82F6400DDC64A /* ASIInputStream.m */ = {isa = PBXFileReference; fileEncoding = 4; lastKnownFileType = sourcecode.c.objc; path = ASIInputStream.m; sourceTree = "<group>"; };
		3014434418D82F6400DDC64A /* ASINetworkQueue.h */ = {isa = PBXFileReference; fileEncoding = 4; lastKnownFileType = sourcecode.c.h; path = ASINetworkQueue.h; sourceTree = "<group>"; };
		3014434518D82F6400DDC64A /* ASINetworkQueue.m */ = {isa = PBXFileReference; fileEncoding = 4; lastKnownFileType = sourcecode.c.objc; path = ASINetworkQueue.m; sourceTree = "<group>"; };
		3014434618D82F6400DDC64A /* ASIProgressDelegate.h */ = {isa = PBXFileReference; fileEncoding = 4; lastKnownFileType = sourcecode.c.h; path = ASIProgressDelegate.h; sourceTree = "<group>"; };
		3014434718D82F6400DDC64A /* Reachability.h */ = {isa = PBXFileReference; fileEncoding = 4; lastKnownFileType = sourcecode.c.h; path = Reachability.h; sourceTree = "<group>"; };
		3014434818D82F6400DDC64A /* Reachability.m */ = {isa = PBXFileReference; fileEncoding = 4; lastKnownFileType = sourcecode.c.objc; path = Reachability.m; sourceTree = "<group>"; };
		3014435218D8304000DDC64A /* SystemConfiguration.framework */ = {isa = PBXFileReference; lastKnownFileType = wrapper.framework; name = SystemConfiguration.framework; path = System/Library/Frameworks/SystemConfiguration.framework; sourceTree = SDKROOT; };
		3014435418D8304700DDC64A /* Security.framework */ = {isa = PBXFileReference; lastKnownFileType = wrapper.framework; name = Security.framework; path = System/Library/Frameworks/Security.framework; sourceTree = SDKROOT; };
		3014435618D8305200DDC64A /* libxml2.dylib */ = {isa = PBXFileReference; lastKnownFileType = "compiled.mach-o.dylib"; name = libxml2.dylib; path = usr/lib/libxml2.dylib; sourceTree = SDKROOT; };
		3014435818D8306300DDC64A /* libz.1.2.5.dylib */ = {isa = PBXFileReference; lastKnownFileType = "compiled.mach-o.dylib"; name = libz.1.2.5.dylib; path = usr/lib/libz.1.2.5.dylib; sourceTree = SDKROOT; };
		3014435A18D8307A00DDC64A /* libz.dylib */ = {isa = PBXFileReference; lastKnownFileType = "compiled.mach-o.dylib"; name = libz.dylib; path = usr/lib/libz.dylib; sourceTree = SDKROOT; };
		3014435D18D830A900DDC64A /* ImageIO.framework */ = {isa = PBXFileReference; lastKnownFileType = wrapper.framework; name = ImageIO.framework; path = System/Library/Frameworks/ImageIO.framework; sourceTree = SDKROOT; };
		3014435F18D830B200DDC64A /* MobileCoreServices.framework */ = {isa = PBXFileReference; lastKnownFileType = wrapper.framework; name = MobileCoreServices.framework; path = System/Library/Frameworks/MobileCoreServices.framework; sourceTree = SDKROOT; };
		3014436118D830CA00DDC64A /* MapKit.framework */ = {isa = PBXFileReference; lastKnownFileType = wrapper.framework; name = MapKit.framework; path = System/Library/Frameworks/MapKit.framework; sourceTree = SDKROOT; };
		3014436318D834ED00DDC64A /* TableFootView.h */ = {isa = PBXFileReference; fileEncoding = 4; lastKnownFileType = sourcecode.c.h; path = TableFootView.h; sourceTree = "<group>"; };
		3014436418D834ED00DDC64A /* TableFootView.m */ = {isa = PBXFileReference; fileEncoding = 4; lastKnownFileType = sourcecode.c.objc; path = TableFootView.m; sourceTree = "<group>"; };
		3014436618D8398D00DDC64A /* LYUtils.h */ = {isa = PBXFileReference; fileEncoding = 4; lastKnownFileType = sourcecode.c.h; path = LYUtils.h; sourceTree = "<group>"; };
		3014436718D8398D00DDC64A /* LYUtils.m */ = {isa = PBXFileReference; fileEncoding = 4; lastKnownFileType = sourcecode.c.objc; path = LYUtils.m; sourceTree = "<group>"; };
		3014436918D83C5B00DDC64A /* AssetsLibrary.framework */ = {isa = PBXFileReference; lastKnownFileType = wrapper.framework; name = AssetsLibrary.framework; path = System/Library/Frameworks/AssetsLibrary.framework; sourceTree = SDKROOT; };
		3014436B18D842D100DDC64A /* LYUserDefaults.h */ = {isa = PBXFileReference; fileEncoding = 4; lastKnownFileType = sourcecode.c.h; path = LYUserDefaults.h; sourceTree = "<group>"; };
		3014436C18D842D100DDC64A /* LYUserDefaults.m */ = {isa = PBXFileReference; fileEncoding = 4; lastKnownFileType = sourcecode.c.objc; path = LYUserDefaults.m; sourceTree = "<group>"; };
		3014437218D8487000DDC64A /* MBProgressHUD.h */ = {isa = PBXFileReference; fileEncoding = 4; lastKnownFileType = sourcecode.c.h; path = MBProgressHUD.h; sourceTree = "<group>"; };
		3014437318D8487000DDC64A /* MBProgressHUD.m */ = {isa = PBXFileReference; fileEncoding = 4; lastKnownFileType = sourcecode.c.objc; path = MBProgressHUD.m; sourceTree = "<group>"; };
		3014437518D848E600DDC64A /* NetWorkRequest.h */ = {isa = PBXFileReference; fileEncoding = 4; lastKnownFileType = sourcecode.c.h; path = NetWorkRequest.h; sourceTree = "<group>"; };
		3014437618D848E600DDC64A /* NetWorkRequest.m */ = {isa = PBXFileReference; fileEncoding = 4; lastKnownFileType = sourcecode.c.objc; path = NetWorkRequest.m; sourceTree = "<group>"; };
		304A584A19ECF5DB0013EB59 /* left_luoyonghao.png */ = {isa = PBXFileReference; lastKnownFileType = image.png; path = left_luoyonghao.png; sourceTree = "<group>"; };
		304A585019ED0A560013EB59 /* AVFoundation.framework */ = {isa = PBXFileReference; lastKnownFileType = wrapper.framework; name = AVFoundation.framework; path = System/Library/Frameworks/AVFoundation.framework; sourceTree = SDKROOT; };
		3061C31C18D2D2C000D5D023 /* LYDataManager.h */ = {isa = PBXFileReference; fileEncoding = 4; lastKnownFileType = sourcecode.c.h; path = LYDataManager.h; sourceTree = "<group>"; };
		3061C31D18D2D2C000D5D023 /* LYDataManager.m */ = {isa = PBXFileReference; fileEncoding = 4; lastKnownFileType = sourcecode.c.objc; path = LYDataManager.m; sourceTree = "<group>"; };
		3061C32318D2D5C900D5D023 /* MenuModel.h */ = {isa = PBXFileReference; fileEncoding = 4; lastKnownFileType = sourcecode.c.h; path = MenuModel.h; sourceTree = "<group>"; };
		3061C32418D2D5C900D5D023 /* MenuModel.m */ = {isa = PBXFileReference; fileEncoding = 4; lastKnownFileType = sourcecode.c.objc; path = MenuModel.m; sourceTree = "<group>"; };
		3061C32618D2D5FC00D5D023 /* VoiceModel.h */ = {isa = PBXFileReference; fileEncoding = 4; lastKnownFileType = sourcecode.c.h; path = VoiceModel.h; sourceTree = "<group>"; };
		3061C32718D2D5FC00D5D023 /* VoiceModel.m */ = {isa = PBXFileReference; fileEncoding = 4; lastKnownFileType = sourcecode.c.objc; path = VoiceModel.m; sourceTree = "<group>"; };
		3067E5F318E3EAA9005932F9 /* CenterVoiceCell.h */ = {isa = PBXFileReference; fileEncoding = 4; lastKnownFileType = sourcecode.c.h; path = CenterVoiceCell.h; sourceTree = "<group>"; };
		3067E5F418E3EAA9005932F9 /* CenterVoiceCell.m */ = {isa = PBXFileReference; fileEncoding = 4; lastKnownFileType = sourcecode.c.objc; path = CenterVoiceCell.m; sourceTree = "<group>"; };
		306B6C6919E4ED4F000300DC /* SettingViewController.h */ = {isa = PBXFileReference; fileEncoding = 4; lastKnownFileType = sourcecode.c.h; path = SettingViewController.h; sourceTree = "<group>"; };
		306B6C6A19E4ED4F000300DC /* SettingViewController.m */ = {isa = PBXFileReference; fileEncoding = 4; lastKnownFileType = sourcecode.c.objc; path = SettingViewController.m; sourceTree = "<group>"; };
		30A179BA18ED5A8A00A42A81 /* player_stylus_lp_bg.png */ = {isa = PBXFileReference; lastKnownFileType = image.png; path = player_stylus_lp_bg.png; sourceTree = "<group>"; };
		30A179BB18ED5A8A00A42A81 /* player_stylus_lp_top.png */ = {isa = PBXFileReference; lastKnownFileType = image.png; path = player_stylus_lp_top.png; sourceTree = "<group>"; };
		30A179BC18ED5A8A00A42A81 /* player_stylus_lp.png */ = {isa = PBXFileReference; lastKnownFileType = image.png; path = player_stylus_lp.png; sourceTree = "<group>"; };
		30AF43CA19D8F373004CA2F6 /* icon@2x.png */ = {isa = PBXFileReference; lastKnownFileType = image.png; path = "icon@2x.png"; sourceTree = "<group>"; };
		30AF43CC19D93630004CA2F6 /* center_leftButton.png */ = {isa = PBXFileReference; lastKnownFileType = image.png; path = center_leftButton.png; sourceTree = "<group>"; };
		30AF43CD19D93630004CA2F6 /* center_leftButton@2x.png */ = {isa = PBXFileReference; lastKnownFileType = image.png; path = "center_leftButton@2x.png"; sourceTree = "<group>"; };
		30CEB9C419EBDC730095366C /* left_five.png */ = {isa = PBXFileReference; lastKnownFileType = image.png; path = left_five.png; sourceTree = "<group>"; };
		30D4F4D019EE48F3009FDEB5 /* center_currentPlay.png */ = {isa = PBXFileReference; lastKnownFileType = image.png; path = center_currentPlay.png; sourceTree = "<group>"; };
		30D4F4D119EE48F3009FDEB5 /* center_currentPlay@2x.png */ = {isa = PBXFileReference; lastKnownFileType = image.png; path = "center_currentPlay@2x.png"; sourceTree = "<group>"; };
		30D94A2519DA80B300D6E7C9 /* center_collection_s.png */ = {isa = PBXFileReference; lastKnownFileType = image.png; path = center_collection_s.png; sourceTree = "<group>"; };
		30D94A2619DA80B300D6E7C9 /* center_collection_n.png */ = {isa = PBXFileReference; lastKnownFileType = image.png; path = center_collection_n.png; sourceTree = "<group>"; };
		30D94A2919DA900000D6E7C9 /* center_collection_n@2x.png */ = {isa = PBXFileReference; lastKnownFileType = image.png; path = "center_collection_n@2x.png"; sourceTree = "<group>"; };
		30D94A2A19DA900000D6E7C9 /* center_collection_s@2x.png */ = {isa = PBXFileReference; lastKnownFileType = image.png; path = "center_collection_s@2x.png"; sourceTree = "<group>"; };
		30F0CD8519E6823A0056A8DB /* AboutViewController.h */ = {isa = PBXFileReference; fileEncoding = 4; lastKnownFileType = sourcecode.c.h; path = AboutViewController.h; sourceTree = "<group>"; };
		30F0CD8619E6823A0056A8DB /* AboutViewController.m */ = {isa = PBXFileReference; fileEncoding = 4; lastKnownFileType = sourcecode.c.objc; path = AboutViewController.m; sourceTree = "<group>"; };
		30F0CD8819E682B40056A8DB /* RecommendViewController.h */ = {isa = PBXFileReference; fileEncoding = 4; lastKnownFileType = sourcecode.c.h; path = RecommendViewController.h; sourceTree = "<group>"; };
		30F0CD8919E682B40056A8DB /* RecommendViewController.m */ = {isa = PBXFileReference; fileEncoding = 4; lastKnownFileType = sourcecode.c.objc; path = RecommendViewController.m; sourceTree = "<group>"; };
		30F0CD8B19E693DF0056A8DB /* seperate_line.png */ = {isa = PBXFileReference; lastKnownFileType = image.png; path = seperate_line.png; sourceTree = "<group>"; };
		70012B5718D1E1FD00CB53D0 /* TableHeadView.h */ = {isa = PBXFileReference; fileEncoding = 4; lastKnownFileType = sourcecode.c.h; path = TableHeadView.h; sourceTree = "<group>"; };
		70012B5818D1E1FD00CB53D0 /* TableHeadView.m */ = {isa = PBXFileReference; fileEncoding = 4; lastKnownFileType = sourcecode.c.objc; path = TableHeadView.m; sourceTree = "<group>"; };
		703A3EDC18C9FEC2009179DE /* LaoLuoYuLu.app */ = {isa = PBXFileReference; explicitFileType = wrapper.application; includeInIndex = 0; path = LaoLuoYuLu.app; sourceTree = BUILT_PRODUCTS_DIR; };
		703A3EDF18C9FEC2009179DE /* Foundation.framework */ = {isa = PBXFileReference; lastKnownFileType = wrapper.framework; name = Foundation.framework; path = System/Library/Frameworks/Foundation.framework; sourceTree = SDKROOT; };
		703A3EE118C9FEC2009179DE /* CoreGraphics.framework */ = {isa = PBXFileReference; lastKnownFileType = wrapper.framework; name = CoreGraphics.framework; path = System/Library/Frameworks/CoreGraphics.framework; sourceTree = SDKROOT; };
		703A3EE318C9FEC2009179DE /* UIKit.framework */ = {isa = PBXFileReference; lastKnownFileType = wrapper.framework; name = UIKit.framework; path = System/Library/Frameworks/UIKit.framework; sourceTree = SDKROOT; };
		703A3EE718C9FEC2009179DE /* LaoLuoYuLu-Info.plist */ = {isa = PBXFileReference; lastKnownFileType = text.plist.xml; path = "LaoLuoYuLu-Info.plist"; sourceTree = "<group>"; };
		703A3EE918C9FEC2009179DE /* en */ = {isa = PBXFileReference; lastKnownFileType = text.plist.strings; name = en; path = en.lproj/InfoPlist.strings; sourceTree = "<group>"; };
		703A3EEB18C9FEC2009179DE /* main.m */ = {isa = PBXFileReference; lastKnownFileType = sourcecode.c.objc; path = main.m; sourceTree = "<group>"; };
		703A3EED18C9FEC2009179DE /* LaoLuoYuLu-Prefix.pch */ = {isa = PBXFileReference; lastKnownFileType = sourcecode.c.h; path = "LaoLuoYuLu-Prefix.pch"; sourceTree = "<group>"; };
		703A3EEE18C9FEC2009179DE /* LYAppDelegate.h */ = {isa = PBXFileReference; lastKnownFileType = sourcecode.c.h; path = LYAppDelegate.h; sourceTree = "<group>"; };
		703A3EEF18C9FEC2009179DE /* LYAppDelegate.m */ = {isa = PBXFileReference; lastKnownFileType = sourcecode.c.objc; path = LYAppDelegate.m; sourceTree = "<group>"; };
		703A3EF118C9FEC2009179DE /* Images.xcassets */ = {isa = PBXFileReference; lastKnownFileType = folder.assetcatalog; path = Images.xcassets; sourceTree = "<group>"; };
		703A3EF718C9FEC2009179DE /* LaoLuoYuLuTests.xctest */ = {isa = PBXFileReference; explicitFileType = wrapper.cfbundle; includeInIndex = 0; path = LaoLuoYuLuTests.xctest; sourceTree = BUILT_PRODUCTS_DIR; };
		703A3EF818C9FEC2009179DE /* XCTest.framework */ = {isa = PBXFileReference; lastKnownFileType = wrapper.framework; name = XCTest.framework; path = Library/Frameworks/XCTest.framework; sourceTree = DEVELOPER_DIR; };
		703A3F0018C9FEC2009179DE /* LaoLuoYuLuTests-Info.plist */ = {isa = PBXFileReference; lastKnownFileType = text.plist.xml; path = "LaoLuoYuLuTests-Info.plist"; sourceTree = "<group>"; };
		703A3F0218C9FEC2009179DE /* en */ = {isa = PBXFileReference; lastKnownFileType = text.plist.strings; name = en; path = en.lproj/InfoPlist.strings; sourceTree = "<group>"; };
		703A3F0418C9FEC2009179DE /* LaoLuoYuLuTests.m */ = {isa = PBXFileReference; lastKnownFileType = sourcecode.c.objc; path = LaoLuoYuLuTests.m; sourceTree = "<group>"; };
		703A3F1218CA01EF009179DE /* MMDrawerBarButtonItem.h */ = {isa = PBXFileReference; fileEncoding = 4; lastKnownFileType = sourcecode.c.h; path = MMDrawerBarButtonItem.h; sourceTree = "<group>"; };
		703A3F1318CA01EF009179DE /* MMDrawerBarButtonItem.m */ = {isa = PBXFileReference; fileEncoding = 4; lastKnownFileType = sourcecode.c.objc; path = MMDrawerBarButtonItem.m; sourceTree = "<group>"; };
		703A3F1418CA01EF009179DE /* MMDrawerController+Subclass.h */ = {isa = PBXFileReference; fileEncoding = 4; lastKnownFileType = sourcecode.c.h; path = "MMDrawerController+Subclass.h"; sourceTree = "<group>"; };
		703A3F1518CA01EF009179DE /* MMDrawerController.h */ = {isa = PBXFileReference; fileEncoding = 4; lastKnownFileType = sourcecode.c.h; path = MMDrawerController.h; sourceTree = "<group>"; };
		703A3F1618CA01F0009179DE /* MMDrawerController.m */ = {isa = PBXFileReference; fileEncoding = 4; lastKnownFileType = sourcecode.c.objc; path = MMDrawerController.m; sourceTree = "<group>"; };
		703A3F1718CA01F0009179DE /* MMDrawerVisualState.h */ = {isa = PBXFileReference; fileEncoding = 4; lastKnownFileType = sourcecode.c.h; path = MMDrawerVisualState.h; sourceTree = "<group>"; };
		703A3F1818CA01F0009179DE /* MMDrawerVisualState.m */ = {isa = PBXFileReference; fileEncoding = 4; lastKnownFileType = sourcecode.c.objc; path = MMDrawerVisualState.m; sourceTree = "<group>"; };
		703A3F1918CA01F0009179DE /* MMExampleDrawerVisualStateManager.h */ = {isa = PBXFileReference; fileEncoding = 4; lastKnownFileType = sourcecode.c.h; path = MMExampleDrawerVisualStateManager.h; sourceTree = "<group>"; };
		703A3F1A18CA01F0009179DE /* MMExampleDrawerVisualStateManager.m */ = {isa = PBXFileReference; fileEncoding = 4; lastKnownFileType = sourcecode.c.objc; path = MMExampleDrawerVisualStateManager.m; sourceTree = "<group>"; };
		703A3F1B18CA01F0009179DE /* UIViewController+MMDrawerController.h */ = {isa = PBXFileReference; fileEncoding = 4; lastKnownFileType = sourcecode.c.h; path = "UIViewController+MMDrawerController.h"; sourceTree = "<group>"; };
		703A3F1C18CA01F0009179DE /* UIViewController+MMDrawerController.m */ = {isa = PBXFileReference; fileEncoding = 4; lastKnownFileType = sourcecode.c.objc; path = "UIViewController+MMDrawerController.m"; sourceTree = "<group>"; };
		703A3F2818CA0464009179DE /* LeftMenuViewController.h */ = {isa = PBXFileReference; fileEncoding = 4; lastKnownFileType = sourcecode.c.h; path = LeftMenuViewController.h; sourceTree = "<group>"; };
		703A3F2918CA0464009179DE /* LeftMenuViewController.m */ = {isa = PBXFileReference; fileEncoding = 4; lastKnownFileType = sourcecode.c.objc; path = LeftMenuViewController.m; sourceTree = "<group>"; };
		703A3F2B18CA0515009179DE /* CenterViewController.h */ = {isa = PBXFileReference; fileEncoding = 4; lastKnownFileType = sourcecode.c.h; path = CenterViewController.h; sourceTree = "<group>"; };
		703A3F2C18CA0515009179DE /* CenterViewController.m */ = {isa = PBXFileReference; fileEncoding = 4; lastKnownFileType = sourcecode.c.objc; path = CenterViewController.m; sourceTree = "<group>"; };
		703A3F2E18CA05EB009179DE /* GlobalConfig.h */ = {isa = PBXFileReference; lastKnownFileType = sourcecode.c.h; path = GlobalConfig.h; sourceTree = "<group>"; };
		703A3F3218CA0E40009179DE /* LeftMenuCell.h */ = {isa = PBXFileReference; fileEncoding = 4; lastKnownFileType = sourcecode.c.h; path = LeftMenuCell.h; sourceTree = "<group>"; };
		703A3F3318CA0E40009179DE /* LeftMenuCell.m */ = {isa = PBXFileReference; fileEncoding = 4; lastKnownFileType = sourcecode.c.objc; path = LeftMenuCell.m; sourceTree = "<group>"; };
		703A3F3618CA114E009179DE /* FMDatabase.h */ = {isa = PBXFileReference; fileEncoding = 4; lastKnownFileType = sourcecode.c.h; path = FMDatabase.h; sourceTree = "<group>"; };
		703A3F3718CA114E009179DE /* FMDatabase.m */ = {isa = PBXFileReference; fileEncoding = 4; lastKnownFileType = sourcecode.c.objc; path = FMDatabase.m; sourceTree = "<group>"; };
		703A3F3818CA114E009179DE /* FMDatabaseAdditions.h */ = {isa = PBXFileReference; fileEncoding = 4; lastKnownFileType = sourcecode.c.h; path = FMDatabaseAdditions.h; sourceTree = "<group>"; };
		703A3F3918CA114E009179DE /* FMDatabaseAdditions.m */ = {isa = PBXFileReference; fileEncoding = 4; lastKnownFileType = sourcecode.c.objc; path = FMDatabaseAdditions.m; sourceTree = "<group>"; };
		703A3F3A18CA114E009179DE /* FMDatabasePool.h */ = {isa = PBXFileReference; fileEncoding = 4; lastKnownFileType = sourcecode.c.h; path = FMDatabasePool.h; sourceTree = "<group>"; };
		703A3F3B18CA114E009179DE /* FMDatabasePool.m */ = {isa = PBXFileReference; fileEncoding = 4; lastKnownFileType = sourcecode.c.objc; path = FMDatabasePool.m; sourceTree = "<group>"; };
		703A3F3C18CA114E009179DE /* FMDatabaseQueue.h */ = {isa = PBXFileReference; fileEncoding = 4; lastKnownFileType = sourcecode.c.h; path = FMDatabaseQueue.h; sourceTree = "<group>"; };
		703A3F3D18CA114E009179DE /* FMDatabaseQueue.m */ = {isa = PBXFileReference; fileEncoding = 4; lastKnownFileType = sourcecode.c.objc; path = FMDatabaseQueue.m; sourceTree = "<group>"; };
		703A3F3F18CA114E009179DE /* FMResultSet.h */ = {isa = PBXFileReference; fileEncoding = 4; lastKnownFileType = sourcecode.c.h; path = FMResultSet.h; sourceTree = "<group>"; };
		703A3F4018CA114E009179DE /* FMResultSet.m */ = {isa = PBXFileReference; fileEncoding = 4; lastKnownFileType = sourcecode.c.objc; path = FMResultSet.m; sourceTree = "<group>"; };
		703A3F4718CA118C009179DE /* libsqlite3.0.dylib */ = {isa = PBXFileReference; lastKnownFileType = "compiled.mach-o.dylib"; name = libsqlite3.0.dylib; path = usr/lib/libsqlite3.0.dylib; sourceTree = SDKROOT; };
		705953EF18E84F77002C77D9 /* player_cd.png */ = {isa = PBXFileReference; lastKnownFileType = image.png; path = player_cd.png; sourceTree = "<group>"; };
		705953F118E853DC002C77D9 /* player_next_h.png */ = {isa = PBXFileReference; lastKnownFileType = image.png; path = player_next_h.png; sourceTree = "<group>"; };
		705953F218E853DC002C77D9 /* player_next.png */ = {isa = PBXFileReference; lastKnownFileType = image.png; path = player_next.png; sourceTree = "<group>"; };
		705953F318E853DC002C77D9 /* player_pause_h.png */ = {isa = PBXFileReference; lastKnownFileType = image.png; path = player_pause_h.png; sourceTree = "<group>"; };
		705953F418E853DC002C77D9 /* player_pause.png */ = {isa = PBXFileReference; lastKnownFileType = image.png; path = player_pause.png; sourceTree = "<group>"; };
		705953F518E853DC002C77D9 /* player_play_h.png */ = {isa = PBXFileReference; lastKnownFileType = image.png; path = player_play_h.png; sourceTree = "<group>"; };
		705953F618E853DC002C77D9 /* player_play.png */ = {isa = PBXFileReference; lastKnownFileType = image.png; path = player_play.png; sourceTree = "<group>"; };
		705953FD18E8541F002C77D9 /* player_prev_h.png */ = {isa = PBXFileReference; lastKnownFileType = image.png; path = player_prev_h.png; sourceTree = "<group>"; };
		705953FE18E8541F002C77D9 /* player_prev.png */ = {isa = PBXFileReference; lastKnownFileType = image.png; path = player_prev.png; sourceTree = "<group>"; };
		7059540118E854EA002C77D9 /* CDView.h */ = {isa = PBXFileReference; fileEncoding = 4; lastKnownFileType = sourcecode.c.h; path = CDView.h; sourceTree = "<group>"; };
		7059540218E854EA002C77D9 /* CDView.m */ = {isa = PBXFileReference; fileEncoding = 4; lastKnownFileType = sourcecode.c.objc; path = CDView.m; sourceTree = "<group>"; };
		7059540418E854F9002C77D9 /* ControlView.h */ = {isa = PBXFileReference; fileEncoding = 4; lastKnownFileType = sourcecode.c.h; path = ControlView.h; sourceTree = "<group>"; };
		7059540518E854F9002C77D9 /* ControlView.m */ = {isa = PBXFileReference; fileEncoding = 4; lastKnownFileType = sourcecode.c.objc; path = ControlView.m; sourceTree = "<group>"; };
		7059540718E86ACA002C77D9 /* icon_120.png */ = {isa = PBXFileReference; lastKnownFileType = image.png; path = icon_120.png; sourceTree = "<group>"; };
		7059540818E86ACA002C77D9 /* icon.png */ = {isa = PBXFileReference; lastKnownFileType = image.png; path = icon.png; sourceTree = "<group>"; };
		705DEFA018E5BA5300C34FC6 /* WebControlView.h */ = {isa = PBXFileReference; fileEncoding = 4; lastKnownFileType = sourcecode.c.h; path = WebControlView.h; sourceTree = "<group>"; };
		705DEFA118E5BA5300C34FC6 /* WebControlView.m */ = {isa = PBXFileReference; fileEncoding = 4; lastKnownFileType = sourcecode.c.objc; path = WebControlView.m; sourceTree = "<group>"; };
		705DEFA218E5BA5300C34FC6 /* WeiBoViewController.h */ = {isa = PBXFileReference; fileEncoding = 4; lastKnownFileType = sourcecode.c.h; path = WeiBoViewController.h; sourceTree = "<group>"; };
		705DEFA318E5BA5300C34FC6 /* WeiBoViewController.m */ = {isa = PBXFileReference; fileEncoding = 4; lastKnownFileType = sourcecode.c.objc; path = WeiBoViewController.m; sourceTree = "<group>"; };
		705DEFA718E5BE3300C34FC6 /* PlayerViewController.h */ = {isa = PBXFileReference; fileEncoding = 4; lastKnownFileType = sourcecode.c.h; path = PlayerViewController.h; sourceTree = "<group>"; };
		705DEFA818E5BE3300C34FC6 /* PlayerViewController.m */ = {isa = PBXFileReference; fileEncoding = 4; lastKnownFileType = sourcecode.c.objc; path = PlayerViewController.m; sourceTree = "<group>"; };
		70BA644518D410490043C0D1 /* BaseViewController.h */ = {isa = PBXFileReference; fileEncoding = 4; lastKnownFileType = sourcecode.c.h; path = BaseViewController.h; sourceTree = "<group>"; };
		70BA644618D410490043C0D1 /* BaseViewController.m */ = {isa = PBXFileReference; fileEncoding = 4; lastKnownFileType = sourcecode.c.objc; path = BaseViewController.m; sourceTree = "<group>"; };
		70BA644918D410880043C0D1 /* UINavigationController+Rotate.h */ = {isa = PBXFileReference; fileEncoding = 4; lastKnownFileType = sourcecode.c.h; path = "UINavigationController+Rotate.h"; sourceTree = "<group>"; };
		70BA644A18D410880043C0D1 /* UINavigationController+Rotate.m */ = {isa = PBXFileReference; fileEncoding = 4; lastKnownFileType = sourcecode.c.objc; path = "UINavigationController+Rotate.m"; sourceTree = "<group>"; };
/* End PBXFileReference section */

/* Begin PBXFrameworksBuildPhase section */
		703A3ED918C9FEC2009179DE /* Frameworks */ = {
			isa = PBXFrameworksBuildPhase;
			buildActionMask = 2147483647;
			files = (
				304A585119ED0A560013EB59 /* AVFoundation.framework in Frameworks */,
				3014436A18D83C5C00DDC64A /* AssetsLibrary.framework in Frameworks */,
				3014436218D830CA00DDC64A /* MapKit.framework in Frameworks */,
				3014436018D830B200DDC64A /* MobileCoreServices.framework in Frameworks */,
				3014435E18D830A900DDC64A /* ImageIO.framework in Frameworks */,
				3014435C18D830A000DDC64A /* libxml2.dylib in Frameworks */,
				3014435B18D8307A00DDC64A /* libz.dylib in Frameworks */,
				3014435518D8304700DDC64A /* Security.framework in Frameworks */,
				3014435318D8304000DDC64A /* SystemConfiguration.framework in Frameworks */,
				703A3F4818CA118C009179DE /* libsqlite3.0.dylib in Frameworks */,
				703A3EE218C9FEC2009179DE /* CoreGraphics.framework in Frameworks */,
				703A3EE418C9FEC2009179DE /* UIKit.framework in Frameworks */,
				703A3EE018C9FEC2009179DE /* Foundation.framework in Frameworks */,
			);
			runOnlyForDeploymentPostprocessing = 0;
		};
		703A3EF418C9FEC2009179DE /* Frameworks */ = {
			isa = PBXFrameworksBuildPhase;
			buildActionMask = 2147483647;
			files = (
				703A3EF918C9FEC2009179DE /* XCTest.framework in Frameworks */,
				703A3EFB18C9FEC2009179DE /* UIKit.framework in Frameworks */,
				703A3EFA18C9FEC2009179DE /* Foundation.framework in Frameworks */,
			);
			runOnlyForDeploymentPostprocessing = 0;
		};
/* End PBXFrameworksBuildPhase section */

/* Begin PBXGroup section */
		3014431818D82EC600DDC64A /* Resource */ = {
			isa = PBXGroup;
			children = (
				3014431918D82EC600DDC64A /* dataList.sqlite */,
				3014431A18D82EC600DDC64A /* Images */,
			);
			path = Resource;
			sourceTree = "<group>";
		};
		3014431A18D82EC600DDC64A /* Images */ = {
			isa = PBXGroup;
			children = (
				3014431C18D82EC600DDC64A /* left_all.png */,
				3014431D18D82EC600DDC64A /* left_first.png */,
				3014432218D82EC600DDC64A /* left_second.png */,
				3014432518D82EC600DDC64A /* left_third.png */,
				3014431E18D82EC600DDC64A /* left_four.png */,
				30CEB9C419EBDC730095366C /* left_five.png */,
				3014432018D82EC600DDC64A /* left_otherVoice.png */,
				3014432318D82EC600DDC64A /* left_setting.png */,
				3014431B18D82EC600DDC64A /* left_about.png */,
				3014432118D82EC600DDC64A /* left_recommend.png */,
				304A584A19ECF5DB0013EB59 /* left_luoyonghao.png */,
				3014432418D82EC600DDC64A /* left_sina.png */,
				30AF43CC19D93630004CA2F6 /* center_leftButton.png */,
				30AF43CD19D93630004CA2F6 /* center_leftButton@2x.png */,
				30D4F4D019EE48F3009FDEB5 /* center_currentPlay.png */,
				30D4F4D119EE48F3009FDEB5 /* center_currentPlay@2x.png */,
				30D94A2619DA80B300D6E7C9 /* center_collection_n.png */,
				30D94A2919DA900000D6E7C9 /* center_collection_n@2x.png */,
				30D94A2519DA80B300D6E7C9 /* center_collection_s.png */,
				30D94A2A19DA900000D6E7C9 /* center_collection_s@2x.png */,
				705953EF18E84F77002C77D9 /* player_cd.png */,
				705953FE18E8541F002C77D9 /* player_prev.png */,
				705953FD18E8541F002C77D9 /* player_prev_h.png */,
				705953F318E853DC002C77D9 /* player_pause_h.png */,
				705953F418E853DC002C77D9 /* player_pause.png */,
				705953F618E853DC002C77D9 /* player_play.png */,
				705953F518E853DC002C77D9 /* player_play_h.png */,
				705953F218E853DC002C77D9 /* player_next.png */,
				705953F118E853DC002C77D9 /* player_next_h.png */,
				30A179BA18ED5A8A00A42A81 /* player_stylus_lp_bg.png */,
				30A179BB18ED5A8A00A42A81 /* player_stylus_lp_top.png */,
				30A179BC18ED5A8A00A42A81 /* player_stylus_lp.png */,
				30F0CD8B19E693DF0056A8DB /* seperate_line.png */,
			);
			path = Images;
			sourceTree = "<group>";
		};
		3014433218D82F6400DDC64A /* ASIHTTPRequest */ = {
			isa = PBXGroup;
			children = (
				3014433318D82F6400DDC64A /* ASIAuthenticationDialog.h */,
				3014433418D82F6400DDC64A /* ASIAuthenticationDialog.m */,
				3014433518D82F6400DDC64A /* ASICacheDelegate.h */,
				3014433618D82F6400DDC64A /* ASIDataCompressor.h */,
				3014433718D82F6400DDC64A /* ASIDataCompressor.m */,
				3014433818D82F6400DDC64A /* ASIDataDecompressor.h */,
				3014433918D82F6400DDC64A /* ASIDataDecompressor.m */,
				3014433A18D82F6400DDC64A /* ASIDownloadCache.h */,
				3014433B18D82F6400DDC64A /* ASIDownloadCache.m */,
				3014433C18D82F6400DDC64A /* ASIFormDataRequest.h */,
				3014433D18D82F6400DDC64A /* ASIFormDataRequest.m */,
				3014433E18D82F6400DDC64A /* ASIHTTPRequest.h */,
				3014433F18D82F6400DDC64A /* ASIHTTPRequest.m */,
				3014434018D82F6400DDC64A /* ASIHTTPRequestConfig.h */,
				3014434118D82F6400DDC64A /* ASIHTTPRequestDelegate.h */,
				3014434218D82F6400DDC64A /* ASIInputStream.h */,
				3014434318D82F6400DDC64A /* ASIInputStream.m */,
				3014434418D82F6400DDC64A /* ASINetworkQueue.h */,
				3014434518D82F6400DDC64A /* ASINetworkQueue.m */,
				3014434618D82F6400DDC64A /* ASIProgressDelegate.h */,
				3014434718D82F6400DDC64A /* Reachability.h */,
				3014434818D82F6400DDC64A /* Reachability.m */,
			);
			path = ASIHTTPRequest;
			sourceTree = "<group>";
		};
		3014437118D8487000DDC64A /* MBProgressHUD */ = {
			isa = PBXGroup;
			children = (
				3014437218D8487000DDC64A /* MBProgressHUD.h */,
				3014437318D8487000DDC64A /* MBProgressHUD.m */,
			);
			path = MBProgressHUD;
			sourceTree = "<group>";
		};
		3061C32218D2D5BB00D5D023 /* Model */ = {
			isa = PBXGroup;
			children = (
				3061C32318D2D5C900D5D023 /* MenuModel.h */,
				3061C32418D2D5C900D5D023 /* MenuModel.m */,
				3061C32618D2D5FC00D5D023 /* VoiceModel.h */,
				3061C32718D2D5FC00D5D023 /* VoiceModel.m */,
			);
			path = Model;
			sourceTree = "<group>";
		};
		306B6C6819E4ED36000300DC /* Setting */ = {
			isa = PBXGroup;
			children = (
				306B6C6919E4ED4F000300DC /* SettingViewController.h */,
				306B6C6A19E4ED4F000300DC /* SettingViewController.m */,
				30F0CD8519E6823A0056A8DB /* AboutViewController.h */,
				30F0CD8619E6823A0056A8DB /* AboutViewController.m */,
				30F0CD8819E682B40056A8DB /* RecommendViewController.h */,
				30F0CD8919E682B40056A8DB /* RecommendViewController.m */,
			);
			path = Setting;
			sourceTree = "<group>";
		};
		703A3ED318C9FEC2009179DE = {
			isa = PBXGroup;
			children = (
				703A3EE518C9FEC2009179DE /* LaoLuoYuLu */,
				703A3EFE18C9FEC2009179DE /* LaoLuoYuLuTests */,
				703A3EDE18C9FEC2009179DE /* Frameworks */,
				703A3EDD18C9FEC2009179DE /* Products */,
			);
			sourceTree = "<group>";
		};
		703A3EDD18C9FEC2009179DE /* Products */ = {
			isa = PBXGroup;
			children = (
				703A3EDC18C9FEC2009179DE /* LaoLuoYuLu.app */,
				703A3EF718C9FEC2009179DE /* LaoLuoYuLuTests.xctest */,
			);
			name = Products;
			sourceTree = "<group>";
		};
		703A3EDE18C9FEC2009179DE /* Frameworks */ = {
			isa = PBXGroup;
			children = (
				304A585019ED0A560013EB59 /* AVFoundation.framework */,
				3014436918D83C5B00DDC64A /* AssetsLibrary.framework */,
				3014436118D830CA00DDC64A /* MapKit.framework */,
				3014435F18D830B200DDC64A /* MobileCoreServices.framework */,
				3014435D18D830A900DDC64A /* ImageIO.framework */,
				3014435A18D8307A00DDC64A /* libz.dylib */,
				3014435818D8306300DDC64A /* libz.1.2.5.dylib */,
				3014435618D8305200DDC64A /* libxml2.dylib */,
				3014435418D8304700DDC64A /* Security.framework */,
				3014435218D8304000DDC64A /* SystemConfiguration.framework */,
				703A3F4718CA118C009179DE /* libsqlite3.0.dylib */,
				703A3EDF18C9FEC2009179DE /* Foundation.framework */,
				703A3EE118C9FEC2009179DE /* CoreGraphics.framework */,
				703A3EE318C9FEC2009179DE /* UIKit.framework */,
				703A3EF818C9FEC2009179DE /* XCTest.framework */,
			);
			name = Frameworks;
			sourceTree = "<group>";
		};
		703A3EE518C9FEC2009179DE /* LaoLuoYuLu */ = {
			isa = PBXGroup;
			children = (
				703A3EEE18C9FEC2009179DE /* LYAppDelegate.h */,
				703A3EEF18C9FEC2009179DE /* LYAppDelegate.m */,
				703A3F0E18C9FF29009179DE /* Classes */,
				3014431818D82EC600DDC64A /* Resource */,
				703A3EF118C9FEC2009179DE /* Images.xcassets */,
				703A3EE618C9FEC2009179DE /* Supporting Files */,
			);
			path = LaoLuoYuLu;
			sourceTree = "<group>";
		};
		703A3EE618C9FEC2009179DE /* Supporting Files */ = {
			isa = PBXGroup;
			children = (
				703A3EE718C9FEC2009179DE /* LaoLuoYuLu-Info.plist */,
				703A3EE818C9FEC2009179DE /* InfoPlist.strings */,
				703A3EEB18C9FEC2009179DE /* main.m */,
				703A3EED18C9FEC2009179DE /* LaoLuoYuLu-Prefix.pch */,
				7059540818E86ACA002C77D9 /* icon.png */,
				7059540718E86ACA002C77D9 /* icon_120.png */,
				30AF43CA19D8F373004CA2F6 /* icon@2x.png */,
			);
			name = "Supporting Files";
			sourceTree = "<group>";
		};
		703A3EFE18C9FEC2009179DE /* LaoLuoYuLuTests */ = {
			isa = PBXGroup;
			children = (
				703A3F0418C9FEC2009179DE /* LaoLuoYuLuTests.m */,
				703A3EFF18C9FEC2009179DE /* Supporting Files */,
			);
			path = LaoLuoYuLuTests;
			sourceTree = "<group>";
		};
		703A3EFF18C9FEC2009179DE /* Supporting Files */ = {
			isa = PBXGroup;
			children = (
				703A3F0018C9FEC2009179DE /* LaoLuoYuLuTests-Info.plist */,
				703A3F0118C9FEC2009179DE /* InfoPlist.strings */,
			);
			name = "Supporting Files";
			sourceTree = "<group>";
		};
		703A3F0E18C9FF29009179DE /* Classes */ = {
			isa = PBXGroup;
			children = (
				703A3F2218CA0400009179DE /* DB */,
				703A3F2318CA0400009179DE /* Network */,
				703A3F2418CA0400009179DE /* Public */,
				703A3F2518CA0400009179DE /* UIs */,
				703A3F1018CA01EF009179DE /* 3rd */,
			);
			path = Classes;
			sourceTree = "<group>";
		};
		703A3F1018CA01EF009179DE /* 3rd */ = {
			isa = PBXGroup;
			children = (
				3014437118D8487000DDC64A /* MBProgressHUD */,
				3014433218D82F6400DDC64A /* ASIHTTPRequest */,
				703A3F3518CA114E009179DE /* FMDB */,
				703A3F1118CA01EF009179DE /* MMDrawerController */,
			);
			path = 3rd;
			sourceTree = "<group>";
		};
		703A3F1118CA01EF009179DE /* MMDrawerController */ = {
			isa = PBXGroup;
			children = (
				703A3F1218CA01EF009179DE /* MMDrawerBarButtonItem.h */,
				703A3F1318CA01EF009179DE /* MMDrawerBarButtonItem.m */,
				703A3F1418CA01EF009179DE /* MMDrawerController+Subclass.h */,
				703A3F1518CA01EF009179DE /* MMDrawerController.h */,
				703A3F1618CA01F0009179DE /* MMDrawerController.m */,
				703A3F1718CA01F0009179DE /* MMDrawerVisualState.h */,
				703A3F1818CA01F0009179DE /* MMDrawerVisualState.m */,
				703A3F1918CA01F0009179DE /* MMExampleDrawerVisualStateManager.h */,
				703A3F1A18CA01F0009179DE /* MMExampleDrawerVisualStateManager.m */,
				703A3F1B18CA01F0009179DE /* UIViewController+MMDrawerController.h */,
				703A3F1C18CA01F0009179DE /* UIViewController+MMDrawerController.m */,
			);
			path = MMDrawerController;
			sourceTree = "<group>";
		};
		703A3F2218CA0400009179DE /* DB */ = {
			isa = PBXGroup;
			children = (
				3061C31C18D2D2C000D5D023 /* LYDataManager.h */,
				3061C31D18D2D2C000D5D023 /* LYDataManager.m */,
				3061C32218D2D5BB00D5D023 /* Model */,
			);
			path = DB;
			sourceTree = "<group>";
		};
		703A3F2318CA0400009179DE /* Network */ = {
			isa = PBXGroup;
			children = (
				3014437518D848E600DDC64A /* NetWorkRequest.h */,
				3014437618D848E600DDC64A /* NetWorkRequest.m */,
			);
			path = Network;
			sourceTree = "<group>";
		};
		703A3F2418CA0400009179DE /* Public */ = {
			isa = PBXGroup;
			children = (
				703A3F2E18CA05EB009179DE /* GlobalConfig.h */,
				3014436618D8398D00DDC64A /* LYUtils.h */,
				3014436718D8398D00DDC64A /* LYUtils.m */,
				3014436B18D842D100DDC64A /* LYUserDefaults.h */,
				3014436C18D842D100DDC64A /* LYUserDefaults.m */,
			);
			path = Public;
			sourceTree = "<group>";
		};
		703A3F2518CA0400009179DE /* UIs */ = {
			isa = PBXGroup;
			children = (
				70BA644118D40C270043C0D1 /* PublicUI */,
				705DEFA618E5BE1400C34FC6 /* Player */,
				705DEF9F18E5BA5300C34FC6 /* LaoLuoWeiBo */,
				703A3F2618CA042A009179DE /* Center */,
				703A3F2718CA042B009179DE /* Left */,
				306B6C6819E4ED36000300DC /* Setting */,
			);
			path = UIs;
			sourceTree = "<group>";
		};
		703A3F2618CA042A009179DE /* Center */ = {
			isa = PBXGroup;
			children = (
				703A3F2B18CA0515009179DE /* CenterViewController.h */,
				703A3F2C18CA0515009179DE /* CenterViewController.m */,
				3067E5F318E3EAA9005932F9 /* CenterVoiceCell.h */,
				3067E5F418E3EAA9005932F9 /* CenterVoiceCell.m */,
			);
			path = Center;
			sourceTree = "<group>";
		};
		703A3F2718CA042B009179DE /* Left */ = {
			isa = PBXGroup;
			children = (
				703A3F2818CA0464009179DE /* LeftMenuViewController.h */,
				703A3F2918CA0464009179DE /* LeftMenuViewController.m */,
				703A3F3218CA0E40009179DE /* LeftMenuCell.h */,
				703A3F3318CA0E40009179DE /* LeftMenuCell.m */,
				70012B5718D1E1FD00CB53D0 /* TableHeadView.h */,
				70012B5818D1E1FD00CB53D0 /* TableHeadView.m */,
				3014436318D834ED00DDC64A /* TableFootView.h */,
				3014436418D834ED00DDC64A /* TableFootView.m */,
			);
			path = Left;
			sourceTree = "<group>";
		};
		703A3F3518CA114E009179DE /* FMDB */ = {
			isa = PBXGroup;
			children = (
				703A3F3618CA114E009179DE /* FMDatabase.h */,
				703A3F3718CA114E009179DE /* FMDatabase.m */,
				703A3F3818CA114E009179DE /* FMDatabaseAdditions.h */,
				703A3F3918CA114E009179DE /* FMDatabaseAdditions.m */,
				703A3F3A18CA114E009179DE /* FMDatabasePool.h */,
				703A3F3B18CA114E009179DE /* FMDatabasePool.m */,
				703A3F3C18CA114E009179DE /* FMDatabaseQueue.h */,
				703A3F3D18CA114E009179DE /* FMDatabaseQueue.m */,
				703A3F3F18CA114E009179DE /* FMResultSet.h */,
				703A3F4018CA114E009179DE /* FMResultSet.m */,
			);
			path = FMDB;
			sourceTree = "<group>";
		};
		705DEF9F18E5BA5300C34FC6 /* LaoLuoWeiBo */ = {
			isa = PBXGroup;
			children = (
				705DEFA018E5BA5300C34FC6 /* WebControlView.h */,
				705DEFA118E5BA5300C34FC6 /* WebControlView.m */,
				705DEFA218E5BA5300C34FC6 /* WeiBoViewController.h */,
				705DEFA318E5BA5300C34FC6 /* WeiBoViewController.m */,
			);
			path = LaoLuoWeiBo;
			sourceTree = "<group>";
		};
		705DEFA618E5BE1400C34FC6 /* Player */ = {
			isa = PBXGroup;
			children = (
				705DEFA718E5BE3300C34FC6 /* PlayerViewController.h */,
				705DEFA818E5BE3300C34FC6 /* PlayerViewController.m */,
				7059540118E854EA002C77D9 /* CDView.h */,
				7059540218E854EA002C77D9 /* CDView.m */,
				7059540418E854F9002C77D9 /* ControlView.h */,
				7059540518E854F9002C77D9 /* ControlView.m */,
			);
			path = Player;
			sourceTree = "<group>";
		};
		70BA644118D40C270043C0D1 /* PublicUI */ = {
			isa = PBXGroup;
			children = (
				70BA644818D410690043C0D1 /* Category */,
				70BA644518D410490043C0D1 /* BaseViewController.h */,
				70BA644618D410490043C0D1 /* BaseViewController.m */,
			);
			path = PublicUI;
			sourceTree = "<group>";
		};
		70BA644818D410690043C0D1 /* Category */ = {
			isa = PBXGroup;
			children = (
				70BA644918D410880043C0D1 /* UINavigationController+Rotate.h */,
				70BA644A18D410880043C0D1 /* UINavigationController+Rotate.m */,
			);
			path = Category;
			sourceTree = "<group>";
		};
/* End PBXGroup section */

/* Begin PBXNativeTarget section */
		703A3EDB18C9FEC2009179DE /* LaoLuoYuLu */ = {
			isa = PBXNativeTarget;
			buildConfigurationList = 703A3F0818C9FEC2009179DE /* Build configuration list for PBXNativeTarget "LaoLuoYuLu" */;
			buildPhases = (
				703A3ED818C9FEC2009179DE /* Sources */,
				703A3ED918C9FEC2009179DE /* Frameworks */,
				703A3EDA18C9FEC2009179DE /* Resources */,
			);
			buildRules = (
			);
			dependencies = (
			);
			name = LaoLuoYuLu;
			productName = LaoLuoYuLu;
			productReference = 703A3EDC18C9FEC2009179DE /* LaoLuoYuLu.app */;
			productType = "com.apple.product-type.application";
		};
		703A3EF618C9FEC2009179DE /* LaoLuoYuLuTests */ = {
			isa = PBXNativeTarget;
			buildConfigurationList = 703A3F0B18C9FEC2009179DE /* Build configuration list for PBXNativeTarget "LaoLuoYuLuTests" */;
			buildPhases = (
				703A3EF318C9FEC2009179DE /* Sources */,
				703A3EF418C9FEC2009179DE /* Frameworks */,
				703A3EF518C9FEC2009179DE /* Resources */,
			);
			buildRules = (
			);
			dependencies = (
				703A3EFD18C9FEC2009179DE /* PBXTargetDependency */,
			);
			name = LaoLuoYuLuTests;
			productName = LaoLuoYuLuTests;
			productReference = 703A3EF718C9FEC2009179DE /* LaoLuoYuLuTests.xctest */;
			productType = "com.apple.product-type.bundle.unit-test";
		};
/* End PBXNativeTarget section */

/* Begin PBXProject section */
		703A3ED418C9FEC2009179DE /* Project object */ = {
			isa = PBXProject;
			attributes = {
				CLASSPREFIX = LY;
				LastUpgradeCheck = 0510;
				ORGANIZATIONNAME = LYue;
				TargetAttributes = {
					703A3EF618C9FEC2009179DE = {
						TestTargetID = 703A3EDB18C9FEC2009179DE;
					};
				};
			};
			buildConfigurationList = 703A3ED718C9FEC2009179DE /* Build configuration list for PBXProject "LaoLuoYuLu" */;
			compatibilityVersion = "Xcode 3.2";
			developmentRegion = English;
			hasScannedForEncodings = 0;
			knownRegions = (
				en,
			);
			mainGroup = 703A3ED318C9FEC2009179DE;
			productRefGroup = 703A3EDD18C9FEC2009179DE /* Products */;
			projectDirPath = "";
			projectRoot = "";
			targets = (
				703A3EDB18C9FEC2009179DE /* LaoLuoYuLu */,
				703A3EF618C9FEC2009179DE /* LaoLuoYuLuTests */,
			);
		};
/* End PBXProject section */

/* Begin PBXResourcesBuildPhase section */
		703A3EDA18C9FEC2009179DE /* Resources */ = {
			isa = PBXResourcesBuildPhase;
			buildActionMask = 2147483647;
			files = (
				3014432818D82EC600DDC64A /* left_all.png in Resources */,
				30D94A2C19DA900000D6E7C9 /* center_collection_s@2x.png in Resources */,
				705953FF18E8541F002C77D9 /* player_prev_h.png in Resources */,
				3014432C18D82EC600DDC64A /* left_otherVoice.png in Resources */,
				30D4F4D319EE48F3009FDEB5 /* center_currentPlay@2x.png in Resources */,
				3014433118D82EC600DDC64A /* left_third.png in Resources */,
				30AF43CF19D93630004CA2F6 /* center_leftButton@2x.png in Resources */,
				3014433018D82EC600DDC64A /* left_sina.png in Resources */,
				30A179BD18ED5A8A00A42A81 /* player_stylus_lp_bg.png in Resources */,
				30F0CD8C19E693DF0056A8DB /* seperate_line.png in Resources */,
				3014432918D82EC600DDC64A /* left_first.png in Resources */,
				30D4F4D219EE48F3009FDEB5 /* center_currentPlay.png in Resources */,
				30AF43CB19D8F373004CA2F6 /* icon@2x.png in Resources */,
				703A3EEA18C9FEC2009179DE /* InfoPlist.strings in Resources */,
				30D94A2719DA80B300D6E7C9 /* center_collection_s.png in Resources */,
				703A3EF218C9FEC2009179DE /* Images.xcassets in Resources */,
				7059540B18E86ACA002C77D9 /* icon.png in Resources */,
				3014432E18D82EC600DDC64A /* left_second.png in Resources */,
				705953FA18E853DC002C77D9 /* player_pause.png in Resources */,
				30D94A2B19DA900000D6E7C9 /* center_collection_n@2x.png in Resources */,
				705953FB18E853DC002C77D9 /* player_play_h.png in Resources */,
				3014432D18D82EC600DDC64A /* left_recommend.png in Resources */,
				705953F918E853DC002C77D9 /* player_pause_h.png in Resources */,
				705953F018E84F77002C77D9 /* player_cd.png in Resources */,
				3014432F18D82EC600DDC64A /* left_setting.png in Resources */,
				705953FC18E853DC002C77D9 /* player_play.png in Resources */,
				30CEB9C519EBDC730095366C /* left_five.png in Resources */,
				30D94A2819DA80B300D6E7C9 /* center_collection_n.png in Resources */,
				3014432718D82EC600DDC64A /* left_about.png in Resources */,
				30A179BE18ED5A8A00A42A81 /* player_stylus_lp_top.png in Resources */,
				7059540018E8541F002C77D9 /* player_prev.png in Resources */,
				30A179BF18ED5A8A00A42A81 /* player_stylus_lp.png in Resources */,
				7059540A18E86ACA002C77D9 /* icon_120.png in Resources */,
				705953F818E853DC002C77D9 /* player_next.png in Resources */,
				30AF43CE19D93630004CA2F6 /* center_leftButton.png in Resources */,
				705953F718E853DC002C77D9 /* player_next_h.png in Resources */,
				3014432A18D82EC600DDC64A /* left_four.png in Resources */,
				3014432618D82EC600DDC64A /* dataList.sqlite in Resources */,
				304A584B19ECF5DB0013EB59 /* left_luoyonghao.png in Resources */,
			);
			runOnlyForDeploymentPostprocessing = 0;
		};
		703A3EF518C9FEC2009179DE /* Resources */ = {
			isa = PBXResourcesBuildPhase;
			buildActionMask = 2147483647;
			files = (
				703A3F0318C9FEC2009179DE /* InfoPlist.strings in Resources */,
			);
			runOnlyForDeploymentPostprocessing = 0;
		};
/* End PBXResourcesBuildPhase section */

/* Begin PBXSourcesBuildPhase section */
		703A3ED818C9FEC2009179DE /* Sources */ = {
			isa = PBXSourcesBuildPhase;
			buildActionMask = 2147483647;
			files = (
				703A3F1F18CA01F0009179DE /* MMDrawerVisualState.m in Sources */,
				70BA644718D410490043C0D1 /* BaseViewController.m in Sources */,
				3014434E18D82F6400DDC64A /* ASIHTTPRequest.m in Sources */,
				3061C32518D2D5C900D5D023 /* MenuModel.m in Sources */,
				3014435118D82F6400DDC64A /* Reachability.m in Sources */,
				705DEFA918E5BE3300C34FC6 /* PlayerViewController.m in Sources */,
				703A3F2018CA01F0009179DE /* MMExampleDrawerVisualStateManager.m in Sources */,
				703A3F4318CA114E009179DE /* FMDatabasePool.m in Sources */,
				3014434B18D82F6400DDC64A /* ASIDataDecompressor.m in Sources */,
				30F0CD8A19E682B40056A8DB /* RecommendViewController.m in Sources */,
				3061C32818D2D5FC00D5D023 /* VoiceModel.m in Sources */,
				3014436518D834ED00DDC64A /* TableFootView.m in Sources */,
				30F0CD8719E6823A0056A8DB /* AboutViewController.m in Sources */,
				7059540618E854F9002C77D9 /* ControlView.m in Sources */,
				703A3F4418CA114E009179DE /* FMDatabaseQueue.m in Sources */,
				3061C31E18D2D2C000D5D023 /* LYDataManager.m in Sources */,
				703A3F2A18CA0464009179DE /* LeftMenuViewController.m in Sources */,
				703A3F2118CA01F0009179DE /* UIViewController+MMDrawerController.m in Sources */,
				3014435018D82F6400DDC64A /* ASINetworkQueue.m in Sources */,
				306B6C6B19E4ED4F000300DC /* SettingViewController.m in Sources */,
				703A3F4618CA114E009179DE /* FMResultSet.m in Sources */,
				3014436D18D842D100DDC64A /* LYUserDefaults.m in Sources */,
				3014434C18D82F6400DDC64A /* ASIDownloadCache.m in Sources */,
				703A3EEC18C9FEC2009179DE /* main.m in Sources */,
				703A3F3418CA0E40009179DE /* LeftMenuCell.m in Sources */,
				3014434D18D82F6400DDC64A /* ASIFormDataRequest.m in Sources */,
				3014437718D848E600DDC64A /* NetWorkRequest.m in Sources */,
				70BA644B18D410880043C0D1 /* UINavigationController+Rotate.m in Sources */,
				703A3F2D18CA0515009179DE /* CenterViewController.m in Sources */,
				703A3F1D18CA01F0009179DE /* MMDrawerBarButtonItem.m in Sources */,
				3014434F18D82F6400DDC64A /* ASIInputStream.m in Sources */,
				703A3F1E18CA01F0009179DE /* MMDrawerController.m in Sources */,
				705DEFA418E5BA5300C34FC6 /* WebControlView.m in Sources */,
				7059540318E854EA002C77D9 /* CDView.m in Sources */,
				3014437418D8487000DDC64A /* MBProgressHUD.m in Sources */,
				3014434A18D82F6400DDC64A /* ASIDataCompressor.m in Sources */,
				3014436818D8398D00DDC64A /* LYUtils.m in Sources */,
				703A3F4118CA114E009179DE /* FMDatabase.m in Sources */,
				703A3EF018C9FEC2009179DE /* LYAppDelegate.m in Sources */,
				705DEFA518E5BA5300C34FC6 /* WeiBoViewController.m in Sources */,
				703A3F4218CA114E009179DE /* FMDatabaseAdditions.m in Sources */,
				70012B5918D1E1FD00CB53D0 /* TableHeadView.m in Sources */,
				3067E5F518E3EAA9005932F9 /* CenterVoiceCell.m in Sources */,
				3014434918D82F6400DDC64A /* ASIAuthenticationDialog.m in Sources */,
			);
			runOnlyForDeploymentPostprocessing = 0;
		};
		703A3EF318C9FEC2009179DE /* Sources */ = {
			isa = PBXSourcesBuildPhase;
			buildActionMask = 2147483647;
			files = (
				703A3F0518C9FEC2009179DE /* LaoLuoYuLuTests.m in Sources */,
			);
			runOnlyForDeploymentPostprocessing = 0;
		};
/* End PBXSourcesBuildPhase section */

/* Begin PBXTargetDependency section */
		703A3EFD18C9FEC2009179DE /* PBXTargetDependency */ = {
			isa = PBXTargetDependency;
			target = 703A3EDB18C9FEC2009179DE /* LaoLuoYuLu */;
			targetProxy = 703A3EFC18C9FEC2009179DE /* PBXContainerItemProxy */;
		};
/* End PBXTargetDependency section */

/* Begin PBXVariantGroup section */
		703A3EE818C9FEC2009179DE /* InfoPlist.strings */ = {
			isa = PBXVariantGroup;
			children = (
				703A3EE918C9FEC2009179DE /* en */,
			);
			name = InfoPlist.strings;
			sourceTree = "<group>";
		};
		703A3F0118C9FEC2009179DE /* InfoPlist.strings */ = {
			isa = PBXVariantGroup;
			children = (
				703A3F0218C9FEC2009179DE /* en */,
			);
			name = InfoPlist.strings;
			sourceTree = "<group>";
		};
/* End PBXVariantGroup section */

/* Begin XCBuildConfiguration section */
		703A3F0618C9FEC2009179DE /* Debug */ = {
			isa = XCBuildConfiguration;
			buildSettings = {
				ALWAYS_SEARCH_USER_PATHS = NO;
				CLANG_CXX_LANGUAGE_STANDARD = "gnu++0x";
				CLANG_CXX_LIBRARY = "libc++";
				CLANG_ENABLE_MODULES = YES;
				CLANG_ENABLE_OBJC_ARC = YES;
				CLANG_WARN_BOOL_CONVERSION = YES;
				CLANG_WARN_CONSTANT_CONVERSION = YES;
				CLANG_WARN_DIRECT_OBJC_ISA_USAGE = YES_ERROR;
				CLANG_WARN_EMPTY_BODY = YES;
				CLANG_WARN_ENUM_CONVERSION = YES;
				CLANG_WARN_INT_CONVERSION = YES;
				CLANG_WARN_OBJC_ROOT_CLASS = YES_ERROR;
				CLANG_WARN__DUPLICATE_METHOD_MATCH = YES;
				"CODE_SIGN_IDENTITY[sdk=iphoneos*]" = "iPhone Developer";
				COPY_PHASE_STRIP = NO;
				GCC_C_LANGUAGE_STANDARD = gnu99;
				GCC_DYNAMIC_NO_PIC = NO;
				GCC_OPTIMIZATION_LEVEL = 0;
				GCC_PREPROCESSOR_DEFINITIONS = (
					"DEBUG=1",
					"$(inherited)",
				);
				GCC_SYMBOLS_PRIVATE_EXTERN = NO;
				GCC_WARN_64_TO_32_BIT_CONVERSION = YES;
				GCC_WARN_ABOUT_RETURN_TYPE = YES_ERROR;
				GCC_WARN_UNDECLARED_SELECTOR = YES;
				GCC_WARN_UNINITIALIZED_AUTOS = YES;
				GCC_WARN_UNUSED_FUNCTION = YES;
				GCC_WARN_UNUSED_VARIABLE = YES;
				HEADER_SEARCH_PATHS = (
					"$(inherited)",
					/usr/include/libxml2,
				);
				IPHONEOS_DEPLOYMENT_TARGET = 7.0;
				ONLY_ACTIVE_ARCH = YES;
				SDKROOT = iphoneos;
				TARGETED_DEVICE_FAMILY = "1,2";
			};
			name = Debug;
		};
		703A3F0718C9FEC2009179DE /* Release */ = {
			isa = XCBuildConfiguration;
			buildSettings = {
				ALWAYS_SEARCH_USER_PATHS = NO;
				CLANG_CXX_LANGUAGE_STANDARD = "gnu++0x";
				CLANG_CXX_LIBRARY = "libc++";
				CLANG_ENABLE_MODULES = YES;
				CLANG_ENABLE_OBJC_ARC = YES;
				CLANG_WARN_BOOL_CONVERSION = YES;
				CLANG_WARN_CONSTANT_CONVERSION = YES;
				CLANG_WARN_DIRECT_OBJC_ISA_USAGE = YES_ERROR;
				CLANG_WARN_EMPTY_BODY = YES;
				CLANG_WARN_ENUM_CONVERSION = YES;
				CLANG_WARN_INT_CONVERSION = YES;
				CLANG_WARN_OBJC_ROOT_CLASS = YES_ERROR;
				CLANG_WARN__DUPLICATE_METHOD_MATCH = YES;
				"CODE_SIGN_IDENTITY[sdk=iphoneos*]" = "iPhone Developer";
				COPY_PHASE_STRIP = YES;
				ENABLE_NS_ASSERTIONS = NO;
				GCC_C_LANGUAGE_STANDARD = gnu99;
				GCC_WARN_64_TO_32_BIT_CONVERSION = YES;
				GCC_WARN_ABOUT_RETURN_TYPE = YES_ERROR;
				GCC_WARN_UNDECLARED_SELECTOR = YES;
				GCC_WARN_UNINITIALIZED_AUTOS = YES;
				GCC_WARN_UNUSED_FUNCTION = YES;
				GCC_WARN_UNUSED_VARIABLE = YES;
				HEADER_SEARCH_PATHS = (
					"$(inherited)",
					/usr/include/libxml2,
				);
				IPHONEOS_DEPLOYMENT_TARGET = 7.0;
				SDKROOT = iphoneos;
				TARGETED_DEVICE_FAMILY = "1,2";
				VALIDATE_PRODUCT = YES;
			};
			name = Release;
		};
		703A3F0918C9FEC2009179DE /* Debug */ = {
			isa = XCBuildConfiguration;
			buildSettings = {
				ASSETCATALOG_COMPILER_APPICON_NAME = AppIcon;
				ASSETCATALOG_COMPILER_LAUNCHIMAGE_NAME = LaunchImage;
				GCC_PRECOMPILE_PREFIX_HEADER = YES;
				GCC_PREFIX_HEADER = "LaoLuoYuLu/LaoLuoYuLu-Prefix.pch";
				INFOPLIST_FILE = "LaoLuoYuLu/LaoLuoYuLu-Info.plist";
				IPHONEOS_DEPLOYMENT_TARGET = 7.0;
				PRODUCT_NAME = "$(TARGET_NAME)";
				TARGETED_DEVICE_FAMILY = 1;
				WRAPPER_EXTENSION = app;
			};
			name = Debug;
		};
		703A3F0A18C9FEC2009179DE /* Release */ = {
			isa = XCBuildConfiguration;
			buildSettings = {
				ASSETCATALOG_COMPILER_APPICON_NAME = AppIcon;
				ASSETCATALOG_COMPILER_LAUNCHIMAGE_NAME = LaunchImage;
				GCC_PRECOMPILE_PREFIX_HEADER = YES;
				GCC_PREFIX_HEADER = "LaoLuoYuLu/LaoLuoYuLu-Prefix.pch";
				INFOPLIST_FILE = "LaoLuoYuLu/LaoLuoYuLu-Info.plist";
				IPHONEOS_DEPLOYMENT_TARGET = 7.0;
				PRODUCT_NAME = "$(TARGET_NAME)";
				TARGETED_DEVICE_FAMILY = 1;
				WRAPPER_EXTENSION = app;
			};
			name = Release;
		};
		703A3F0C18C9FEC2009179DE /* Debug */ = {
			isa = XCBuildConfiguration;
			buildSettings = {
				BUNDLE_LOADER = "$(BUILT_PRODUCTS_DIR)/LaoLuoYuLu.app/LaoLuoYuLu";
				FRAMEWORK_SEARCH_PATHS = (
					"$(SDKROOT)/Developer/Library/Frameworks",
					"$(inherited)",
					"$(DEVELOPER_FRAMEWORKS_DIR)",
				);
				GCC_PRECOMPILE_PREFIX_HEADER = YES;
				GCC_PREFIX_HEADER = "LaoLuoYuLu/LaoLuoYuLu-Prefix.pch";
				GCC_PREPROCESSOR_DEFINITIONS = (
					"DEBUG=1",
					"$(inherited)",
				);
				INFOPLIST_FILE = "LaoLuoYuLuTests/LaoLuoYuLuTests-Info.plist";
				PRODUCT_NAME = "$(TARGET_NAME)";
				TEST_HOST = "$(BUNDLE_LOADER)";
				WRAPPER_EXTENSION = xctest;
			};
			name = Debug;
		};
		703A3F0D18C9FEC2009179DE /* Release */ = {
			isa = XCBuildConfiguration;
			buildSettings = {
				BUNDLE_LOADER = "$(BUILT_PRODUCTS_DIR)/LaoLuoYuLu.app/LaoLuoYuLu";
				FRAMEWORK_SEARCH_PATHS = (
					"$(SDKROOT)/Developer/Library/Frameworks",
					"$(inherited)",
					"$(DEVELOPER_FRAMEWORKS_DIR)",
				);
				GCC_PRECOMPILE_PREFIX_HEADER = YES;
				GCC_PREFIX_HEADER = "LaoLuoYuLu/LaoLuoYuLu-Prefix.pch";
				INFOPLIST_FILE = "LaoLuoYuLuTests/LaoLuoYuLuTests-Info.plist";
				PRODUCT_NAME = "$(TARGET_NAME)";
				TEST_HOST = "$(BUNDLE_LOADER)";
				WRAPPER_EXTENSION = xctest;
			};
			name = Release;
		};
/* End XCBuildConfiguration section */

/* Begin XCConfigurationList section */
		703A3ED718C9FEC2009179DE /* Build configuration list for PBXProject "LaoLuoYuLu" */ = {
			isa = XCConfigurationList;
			buildConfigurations = (
				703A3F0618C9FEC2009179DE /* Debug */,
				703A3F0718C9FEC2009179DE /* Release */,
			);
			defaultConfigurationIsVisible = 0;
			defaultConfigurationName = Release;
		};
		703A3F0818C9FEC2009179DE /* Build configuration list for PBXNativeTarget "LaoLuoYuLu" */ = {
			isa = XCConfigurationList;
			buildConfigurations = (
				703A3F0918C9FEC2009179DE /* Debug */,
				703A3F0A18C9FEC2009179DE /* Release */,
			);
			defaultConfigurationIsVisible = 0;
			defaultConfigurationName = Release;
		};
		703A3F0B18C9FEC2009179DE /* Build configuration list for PBXNativeTarget "LaoLuoYuLuTests" */ = {
			isa = XCConfigurationList;
			buildConfigurations = (
				703A3F0C18C9FEC2009179DE /* Debug */,
				703A3F0D18C9FEC2009179DE /* Release */,
			);
			defaultConfigurationIsVisible = 0;
			defaultConfigurationName = Release;
		};
/* End XCConfigurationList section */
	};
	rootObject = 703A3ED418C9FEC2009179DE /* Project object */;
}
